
Microsoft Visual Studio Solution File, Format Version 12.00
# Visual Studio Version 16
VisualStudioVersion = 16.0.30413.136
MinimumVisualStudioVersion = 10.0.40219.1
Project("{9A19103F-16F7-4668-BE54-9A1E7A4F7556}") = "PracticalTest.Domain", "PracticalTest.Domain\PracticalTest.Domain.csproj", "{B92C2BEA-B58C-4BA8-8364-20188D2478D1}"
EndProject
Project("{9A19103F-16F7-4668-BE54-9A1E7A4F7556}") = "PracticalTest.Repository", "PracticalTest.Repository\PracticalTest.Repository.csproj", "{B041C0B7-6980-423D-9588-82F2893610EC}"
EndProject
Project("{9A19103F-16F7-4668-BE54-9A1E7A4F7556}") = "PracticalTest.Service", "PracticalTest.Service\PracticalTest.Service.csproj", "{4F8A18CC-8E0D-4944-AF93-5BCF528264C9}"
EndProject
Project("{FAE04EC0-301F-11D3-BF4B-00C04F79EFBC}") = "PracticalTest.Web", "PracticalTest.Web\PracticalTest.Web.csproj", "{6C566156-B47E-4484-8FED-7C638F3AA9C3}"
EndProject
Global
	GlobalSection(SolutionConfigurationPlatforms) = preSolution
		Debug|Any CPU = Debug|Any CPU
		Release|Any CPU = Release|Any CPU
	EndGlobalSection
	GlobalSection(ProjectConfigurationPlatforms) = postSolution
		{B92C2BEA-B58C-4BA8-8364-20188D2478D1}.Debug|Any CPU.ActiveCfg = Debug|Any CPU
		{B92C2BEA-B58C-4BA8-8364-20188D2478D1}.Debug|Any CPU.Build.0 = Debug|Any CPU
		{B92C2BEA-B58C-4BA8-8364-20188D2478D1}.Release|Any CPU.ActiveCfg = Release|Any CPU
		{B92C2BEA-B58C-4BA8-8364-20188D2478D1}.Release|Any CPU.Build.0 = Release|Any CPU
		{B041C0B7-6980-423D-9588-82F2893610EC}.Debug|Any CPU.ActiveCfg = Debug|Any CPU
		{B041C0B7-6980-423D-9588-82F2893610EC}.Debug|Any CPU.Build.0 = Debug|Any CPU
		{B041C0B7-6980-423D-9588-82F2893610EC}.Release|Any CPU.ActiveCfg = Release|Any CPU
		{B041C0B7-6980-423D-9588-82F2893610EC}.Release|Any CPU.Build.0 = Release|Any CPU
		{4F8A18CC-8E0D-4944-AF93-5BCF528264C9}.Debug|Any CPU.ActiveCfg = Debug|Any CPU
		{4F8A18CC-8E0D-4944-AF93-5BCF528264C9}.Debug|Any CPU.Build.0 = Debug|Any CPU
		{4F8A18CC-8E0D-4944-AF93-5BCF528264C9}.Release|Any CPU.ActiveCfg = Release|Any CPU
		{4F8A18CC-8E0D-4944-AF93-5BCF528264C9}.Release|Any CPU.Build.0 = Release|Any CPU
		{6C566156-B47E-4484-8FED-7C638F3AA9C3}.Debug|Any CPU.ActiveCfg = Debug|Any CPU
		{6C566156-B47E-4484-8FED-7C638F3AA9C3}.Debug|Any CPU.Build.0 = Debug|Any CPU
		{6C566156-B47E-4484-8FED-7C638F3AA9C3}.Release|Any CPU.ActiveCfg = Release|Any CPU
		{6C566156-B47E-4484-8FED-7C638F3AA9C3}.Release|Any CPU.Build.0 = Release|Any CPU
	EndGlobalSection
	GlobalSection(SolutionProperties) = preSolution
		HideSolutionNode = FALSE
	EndGlobalSection
	GlobalSection(ExtensibilityGlobals) = postSolution
		SolutionGuid = {B60B2EAB-3DB3-4DFE-A4E0-28599BD58353}
	EndGlobalSection
EndGlobal
